// !$*UTF8*$!
{
	archiveVersion = 1;
	classes = {
	};
	objectVersion = 56;
	objects = {

/* Begin PBXBuildFile section */
		3C0C454E299571060093AE40 /* ProfileViewController.swift in Sources */ = {isa = PBXBuildFile; fileRef = 3C0C454D299571060093AE40 /* ProfileViewController.swift */; };
		3C0C4550299571770093AE40 /* ProfileHeaderView.swift in Sources */ = {isa = PBXBuildFile; fileRef = 3C0C454F299571770093AE40 /* ProfileHeaderView.swift */; };
		3C0ED57F29E472E100CCC2BE /* iOSIntPackage in Frameworks */ = {isa = PBXBuildFile; productRef = 3C0ED57E29E472E100CCC2BE /* iOSIntPackage */; };
		3C0ED58129E8726500CCC2BE /* CustomButton.swift in Sources */ = {isa = PBXBuildFile; fileRef = 3C0ED58029E8726500CCC2BE /* CustomButton.swift */; };
		3C0ED58329E9C3AC00CCC2BE /* FeedModel.swift in Sources */ = {isa = PBXBuildFile; fileRef = 3C0ED58229E9C3AC00CCC2BE /* FeedModel.swift */; };
		3C0ED58529EDBD7500CCC2BE /* Module.swift in Sources */ = {isa = PBXBuildFile; fileRef = 3C0ED58429EDBD7500CCC2BE /* Module.swift */; };
		3C0ED58729EDC1D900CCC2BE /* AppFactory.swift in Sources */ = {isa = PBXBuildFile; fileRef = 3C0ED58629EDC1D900CCC2BE /* AppFactory.swift */; };
		3C0ED58B29EDC56500CCC2BE /* Coordinators.swift in Sources */ = {isa = PBXBuildFile; fileRef = 3C0ED58A29EDC56500CCC2BE /* Coordinators.swift */; };
		3C0ED58E29EEFE8A00CCC2BE /* AppCoordinator.swift in Sources */ = {isa = PBXBuildFile; fileRef = 3C0ED58D29EEFE8A00CCC2BE /* AppCoordinator.swift */; };
		3C0ED59029EF040500CCC2BE /* AppTabBarController.swift in Sources */ = {isa = PBXBuildFile; fileRef = 3C0ED58F29EF040500CCC2BE /* AppTabBarController.swift */; };
		3C0ED59229EF063200CCC2BE /* FeedCoordinator.swift in Sources */ = {isa = PBXBuildFile; fileRef = 3C0ED59129EF063200CCC2BE /* FeedCoordinator.swift */; };
		3C144BA629BF8E3D004DFFE6 /* UITextField+Extension.swift in Sources */ = {isa = PBXBuildFile; fileRef = 3C144BA529BF8E3D004DFFE6 /* UITextField+Extension.swift */; };
		3C144BA829BF9DB7004DFFE6 /* AppConstant.swift in Sources */ = {isa = PBXBuildFile; fileRef = 3C144BA729BF9DB7004DFFE6 /* AppConstant.swift */; };
		3C193E66299EA80000B7E87C /* LogInViewController.swift in Sources */ = {isa = PBXBuildFile; fileRef = 3C193E65299EA80000B7E87C /* LogInViewController.swift */; };
		3C193E68299EAC5B00B7E87C /* LoginView.swift in Sources */ = {isa = PBXBuildFile; fileRef = 3C193E67299EAC5B00B7E87C /* LoginView.swift */; };
		3C338214298D82BE00140824 /* MainTabBarViewController.swift in Sources */ = {isa = PBXBuildFile; fileRef = 3C338213298D82BE00140824 /* MainTabBarViewController.swift */; };
		3C445D2729A780E50004FBCE /* GalleryImages.swift in Sources */ = {isa = PBXBuildFile; fileRef = 3C445D2629A780E50004FBCE /* GalleryImages.swift */; };
		3C445D2929A7A7060004FBCE /* UIViewController+Extansion.swift in Sources */ = {isa = PBXBuildFile; fileRef = 3C445D2829A7A7060004FBCE /* UIViewController+Extansion.swift */; };
		3C5D96C929DCA5CF0001AF54 /* UserServiceData.swift in Sources */ = {isa = PBXBuildFile; fileRef = 3C5D96C729DCA3000001AF54 /* UserServiceData.swift */; };
		3C65F05129A743E100996373 /* PhotosTableViewCell.swift in Sources */ = {isa = PBXBuildFile; fileRef = 3C65F05029A743E100996373 /* PhotosTableViewCell.swift */; };
		3C65F05429A75FB200996373 /* PhotosViewController.swift in Sources */ = {isa = PBXBuildFile; fileRef = 3C65F05329A75FB200996373 /* PhotosViewController.swift */; };
		3C65F05629A7772800996373 /* PhotoCollectionViewCell.swift in Sources */ = {isa = PBXBuildFile; fileRef = 3C65F05529A7772800996373 /* PhotoCollectionViewCell.swift */; };
		3C7D5BD329AF05FC002E6A23 /* Metric.swift in Sources */ = {isa = PBXBuildFile; fileRef = 3C7D5BD229AF05FC002E6A23 /* Metric.swift */; };
		3C8005C129D869CC00FD743E /* StorageService.h in Headers */ = {isa = PBXBuildFile; fileRef = 3C8005C029D869CC00FD743E /* StorageService.h */; settings = {ATTRIBUTES = (Public, ); }; };
		3C8005C429D869CC00FD743E /* StorageService.framework in Frameworks */ = {isa = PBXBuildFile; fileRef = 3C8005BE29D869CC00FD743E /* StorageService.framework */; };
		3C8005C529D869CC00FD743E /* StorageService.framework in Embed Frameworks */ = {isa = PBXBuildFile; fileRef = 3C8005BE29D869CC00FD743E /* StorageService.framework */; settings = {ATTRIBUTES = (CodeSignOnCopy, RemoveHeadersOnCopy, ); }; };
		3C8005CA29D869D700FD743E /* PostModel.swift in Sources */ = {isa = PBXBuildFile; fileRef = 3CA75A2329A1421C00743167 /* PostModel.swift */; };
		3C9B1969298D893500555016 /* PostViewController.swift in Sources */ = {isa = PBXBuildFile; fileRef = 3C9B1968298D893500555016 /* PostViewController.swift */; };
		3C9B196B298E448E00555016 /* InfoViewController.swift in Sources */ = {isa = PBXBuildFile; fileRef = 3C9B196A298E448E00555016 /* InfoViewController.swift */; };
		3CA75A2629A14B1700743167 /* UIView+Extension.swift in Sources */ = {isa = PBXBuildFile; fileRef = 3CA75A2529A14B1700743167 /* UIView+Extension.swift */; };
		3CA75A2829A14E6500743167 /* PostTableViewCell.swift in Sources */ = {isa = PBXBuildFile; fileRef = 3CA75A2729A14E6500743167 /* PostTableViewCell.swift */; };
		3CD0419D29C0E33000B62736 /* String+Extension.swift in Sources */ = {isa = PBXBuildFile; fileRef = 3CD0419C29C0E33000B62736 /* String+Extension.swift */; };
		3CD041A029C38C3400B62736 /* PostDetaisView.swift in Sources */ = {isa = PBXBuildFile; fileRef = 3CD0419F29C38C3400B62736 /* PostDetaisView.swift */; };
		3CD041A329C390CB00B62736 /* PostDetailsViewController.swift in Sources */ = {isa = PBXBuildFile; fileRef = 3CD041A229C390CB00B62736 /* PostDetailsViewController.swift */; };
		3CD53A3D298D770300B826F7 /* AppDelegate.swift in Sources */ = {isa = PBXBuildFile; fileRef = 3CD53A3C298D770300B826F7 /* AppDelegate.swift */; };
		3CD53A41298D770300B826F7 /* FeedViewController.swift in Sources */ = {isa = PBXBuildFile; fileRef = 3CD53A40298D770300B826F7 /* FeedViewController.swift */; };
		3CD53A46298D770500B826F7 /* Assets.xcassets in Resources */ = {isa = PBXBuildFile; fileRef = 3CD53A45298D770500B826F7 /* Assets.xcassets */; };
		3CD53A49298D770500B826F7 /* LaunchScreen.storyboard in Resources */ = {isa = PBXBuildFile; fileRef = 3CD53A47298D770500B826F7 /* LaunchScreen.storyboard */; };
		3CD7091F29E1B14B0009BCAF /* Checker.swift in Sources */ = {isa = PBXBuildFile; fileRef = 3CD7091E29E1B14B0009BCAF /* Checker.swift */; };
		3CD7092129E1D66C0009BCAF /* LoginFactory.swift in Sources */ = {isa = PBXBuildFile; fileRef = 3CD7092029E1D66C0009BCAF /* LoginFactory.swift */; };
		3CF010142998D98A00D4924A /* Post.swift in Sources */ = {isa = PBXBuildFile; fileRef = 3CF010132998D98900D4924A /* Post.swift */; };
/* End PBXBuildFile section */

/* Begin PBXContainerItemProxy section */
		3C8005C229D869CC00FD743E /* PBXContainerItemProxy */ = {
			isa = PBXContainerItemProxy;
			containerPortal = 3CD53A31298D770300B826F7 /* Project object */;
			proxyType = 1;
			remoteGlobalIDString = 3C8005BD29D869CC00FD743E;
			remoteInfo = StorageService;
		};
/* End PBXContainerItemProxy section */

/* Begin PBXCopyFilesBuildPhase section */
		3C8005C629D869CC00FD743E /* Embed Frameworks */ = {
			isa = PBXCopyFilesBuildPhase;
			buildActionMask = 2147483647;
			dstPath = "";
			dstSubfolderSpec = 10;
			files = (
				3C8005C529D869CC00FD743E /* StorageService.framework in Embed Frameworks */,
			);
			name = "Embed Frameworks";
			runOnlyForDeploymentPostprocessing = 0;
		};
/* End PBXCopyFilesBuildPhase section */

/* Begin PBXFileReference section */
		3C0C454D299571060093AE40 /* ProfileViewController.swift */ = {isa = PBXFileReference; lastKnownFileType = sourcecode.swift; path = ProfileViewController.swift; sourceTree = "<group>"; };
		3C0C454F299571770093AE40 /* ProfileHeaderView.swift */ = {isa = PBXFileReference; lastKnownFileType = sourcecode.swift; path = ProfileHeaderView.swift; sourceTree = "<group>"; };
		3C0ED58029E8726500CCC2BE /* CustomButton.swift */ = {isa = PBXFileReference; lastKnownFileType = sourcecode.swift; path = CustomButton.swift; sourceTree = "<group>"; };
		3C0ED58229E9C3AC00CCC2BE /* FeedModel.swift */ = {isa = PBXFileReference; lastKnownFileType = sourcecode.swift; path = FeedModel.swift; sourceTree = "<group>"; };
		3C0ED58429EDBD7500CCC2BE /* Module.swift */ = {isa = PBXFileReference; lastKnownFileType = sourcecode.swift; path = Module.swift; sourceTree = "<group>"; };
		3C0ED58629EDC1D900CCC2BE /* AppFactory.swift */ = {isa = PBXFileReference; lastKnownFileType = sourcecode.swift; path = AppFactory.swift; sourceTree = "<group>"; };
		3C0ED58A29EDC56500CCC2BE /* Coordinators.swift */ = {isa = PBXFileReference; lastKnownFileType = sourcecode.swift; path = Coordinators.swift; sourceTree = "<group>"; };
		3C0ED58D29EEFE8A00CCC2BE /* AppCoordinator.swift */ = {isa = PBXFileReference; lastKnownFileType = sourcecode.swift; path = AppCoordinator.swift; sourceTree = "<group>"; };
		3C0ED58F29EF040500CCC2BE /* AppTabBarController.swift */ = {isa = PBXFileReference; lastKnownFileType = sourcecode.swift; path = AppTabBarController.swift; sourceTree = "<group>"; };
		3C0ED59129EF063200CCC2BE /* FeedCoordinator.swift */ = {isa = PBXFileReference; lastKnownFileType = sourcecode.swift; path = FeedCoordinator.swift; sourceTree = "<group>"; };
		3C144BA529BF8E3D004DFFE6 /* UITextField+Extension.swift */ = {isa = PBXFileReference; lastKnownFileType = sourcecode.swift; path = "UITextField+Extension.swift"; sourceTree = "<group>"; };
		3C144BA729BF9DB7004DFFE6 /* AppConstant.swift */ = {isa = PBXFileReference; lastKnownFileType = sourcecode.swift; path = AppConstant.swift; sourceTree = "<group>"; };
		3C193E65299EA80000B7E87C /* LogInViewController.swift */ = {isa = PBXFileReference; lastKnownFileType = sourcecode.swift; path = LogInViewController.swift; sourceTree = "<group>"; };
		3C193E67299EAC5B00B7E87C /* LoginView.swift */ = {isa = PBXFileReference; lastKnownFileType = sourcecode.swift; path = LoginView.swift; sourceTree = "<group>"; };
		3C338213298D82BE00140824 /* MainTabBarViewController.swift */ = {isa = PBXFileReference; lastKnownFileType = sourcecode.swift; path = MainTabBarViewController.swift; sourceTree = "<group>"; };
		3C445D2629A780E50004FBCE /* GalleryImages.swift */ = {isa = PBXFileReference; lastKnownFileType = sourcecode.swift; path = GalleryImages.swift; sourceTree = "<group>"; };
		3C445D2829A7A7060004FBCE /* UIViewController+Extansion.swift */ = {isa = PBXFileReference; lastKnownFileType = sourcecode.swift; path = "UIViewController+Extansion.swift"; sourceTree = "<group>"; };
		3C5D96C729DCA3000001AF54 /* UserServiceData.swift */ = {isa = PBXFileReference; lastKnownFileType = sourcecode.swift; path = UserServiceData.swift; sourceTree = "<group>"; };
		3C65F05029A743E100996373 /* PhotosTableViewCell.swift */ = {isa = PBXFileReference; lastKnownFileType = sourcecode.swift; path = PhotosTableViewCell.swift; sourceTree = "<group>"; };
		3C65F05329A75FB200996373 /* PhotosViewController.swift */ = {isa = PBXFileReference; lastKnownFileType = sourcecode.swift; path = PhotosViewController.swift; sourceTree = "<group>"; };
		3C65F05529A7772800996373 /* PhotoCollectionViewCell.swift */ = {isa = PBXFileReference; lastKnownFileType = sourcecode.swift; path = PhotoCollectionViewCell.swift; sourceTree = "<group>"; };
		3C7D5BD229AF05FC002E6A23 /* Metric.swift */ = {isa = PBXFileReference; lastKnownFileType = sourcecode.swift; path = Metric.swift; sourceTree = "<group>"; };
		3C8005BE29D869CC00FD743E /* StorageService.framework */ = {isa = PBXFileReference; explicitFileType = wrapper.framework; includeInIndex = 0; path = StorageService.framework; sourceTree = BUILT_PRODUCTS_DIR; };
		3C8005C029D869CC00FD743E /* StorageService.h */ = {isa = PBXFileReference; lastKnownFileType = sourcecode.c.h; path = StorageService.h; sourceTree = "<group>"; };
		3C9B1968298D893500555016 /* PostViewController.swift */ = {isa = PBXFileReference; lastKnownFileType = sourcecode.swift; path = PostViewController.swift; sourceTree = "<group>"; };
		3C9B196A298E448E00555016 /* InfoViewController.swift */ = {isa = PBXFileReference; lastKnownFileType = sourcecode.swift; path = InfoViewController.swift; sourceTree = "<group>"; };
		3CA75A2329A1421C00743167 /* PostModel.swift */ = {isa = PBXFileReference; lastKnownFileType = sourcecode.swift; path = PostModel.swift; sourceTree = "<group>"; };
		3CA75A2529A14B1700743167 /* UIView+Extension.swift */ = {isa = PBXFileReference; lastKnownFileType = sourcecode.swift; path = "UIView+Extension.swift"; sourceTree = "<group>"; };
		3CA75A2729A14E6500743167 /* PostTableViewCell.swift */ = {isa = PBXFileReference; lastKnownFileType = sourcecode.swift; path = PostTableViewCell.swift; sourceTree = "<group>"; };
		3CD0419C29C0E33000B62736 /* String+Extension.swift */ = {isa = PBXFileReference; lastKnownFileType = sourcecode.swift; path = "String+Extension.swift"; sourceTree = "<group>"; };
		3CD0419F29C38C3400B62736 /* PostDetaisView.swift */ = {isa = PBXFileReference; lastKnownFileType = sourcecode.swift; path = PostDetaisView.swift; sourceTree = "<group>"; };
		3CD041A229C390CB00B62736 /* PostDetailsViewController.swift */ = {isa = PBXFileReference; lastKnownFileType = sourcecode.swift; path = PostDetailsViewController.swift; sourceTree = "<group>"; };
		3CD53A39298D770300B826F7 /* Navigation.app */ = {isa = PBXFileReference; explicitFileType = wrapper.application; includeInIndex = 0; path = Navigation.app; sourceTree = BUILT_PRODUCTS_DIR; };
		3CD53A3C298D770300B826F7 /* AppDelegate.swift */ = {isa = PBXFileReference; lastKnownFileType = sourcecode.swift; path = AppDelegate.swift; sourceTree = "<group>"; };
		3CD53A40298D770300B826F7 /* FeedViewController.swift */ = {isa = PBXFileReference; lastKnownFileType = sourcecode.swift; path = FeedViewController.swift; sourceTree = "<group>"; };
		3CD53A45298D770500B826F7 /* Assets.xcassets */ = {isa = PBXFileReference; lastKnownFileType = folder.assetcatalog; path = Assets.xcassets; sourceTree = "<group>"; };
		3CD53A48298D770500B826F7 /* Base */ = {isa = PBXFileReference; lastKnownFileType = file.storyboard; name = Base; path = Base.lproj/LaunchScreen.storyboard; sourceTree = "<group>"; };
		3CD53A4A298D770500B826F7 /* Info.plist */ = {isa = PBXFileReference; lastKnownFileType = text.plist.xml; path = Info.plist; sourceTree = "<group>"; };
		3CD7091E29E1B14B0009BCAF /* Checker.swift */ = {isa = PBXFileReference; lastKnownFileType = sourcecode.swift; path = Checker.swift; sourceTree = "<group>"; };
		3CD7092029E1D66C0009BCAF /* LoginFactory.swift */ = {isa = PBXFileReference; lastKnownFileType = sourcecode.swift; path = LoginFactory.swift; sourceTree = "<group>"; };
		3CF010132998D98900D4924A /* Post.swift */ = {isa = PBXFileReference; lastKnownFileType = sourcecode.swift; path = Post.swift; sourceTree = "<group>"; };
/* End PBXFileReference section */

/* Begin PBXFrameworksBuildPhase section */
		3C8005BB29D869CC00FD743E /* Frameworks */ = {
			isa = PBXFrameworksBuildPhase;
			buildActionMask = 2147483647;
			files = (
			);
			runOnlyForDeploymentPostprocessing = 0;
		};
		3CD53A36298D770300B826F7 /* Frameworks */ = {
			isa = PBXFrameworksBuildPhase;
			buildActionMask = 2147483647;
			files = (
				3C8005C429D869CC00FD743E /* StorageService.framework in Frameworks */,
				3C0ED57F29E472E100CCC2BE /* iOSIntPackage in Frameworks */,
			);
			runOnlyForDeploymentPostprocessing = 0;
		};
/* End PBXFrameworksBuildPhase section */

/* Begin PBXGroup section */
		3C0C454C299570DA0093AE40 /* Profile */ = {
			isa = PBXGroup;
			children = (
				3C0C454D299571060093AE40 /* ProfileViewController.swift */,
				3CD041A129C38C3F00B62736 /* PostDetails */,
				3CB0D83429A240D000CC7DF7 /* Cell */,
				3CB0D83529A2410900CC7DF7 /* Header */,
			);
			path = Profile;
			sourceTree = "<group>";
		};
		3C0ED58829EDC1ED00CCC2BE /* Factory */ = {
			isa = PBXGroup;
			children = (
				3C0ED58629EDC1D900CCC2BE /* AppFactory.swift */,
			);
			path = Factory;
			sourceTree = "<group>";
		};
		3C0ED58929EDC39300CCC2BE /* Module */ = {
			isa = PBXGroup;
			children = (
				3C0ED58429EDBD7500CCC2BE /* Module.swift */,
			);
			path = Module;
			sourceTree = "<group>";
		};
		3C0ED58C29EDC56C00CCC2BE /* Coordinator */ = {
			isa = PBXGroup;
			children = (
				3C0ED58A29EDC56500CCC2BE /* Coordinators.swift */,
				3C0ED59129EF063200CCC2BE /* FeedCoordinator.swift */,
				3C0ED58D29EEFE8A00CCC2BE /* AppCoordinator.swift */,
			);
			path = Coordinator;
			sourceTree = "<group>";
		};
		3C65F05229A75F8C00996373 /* Gallery */ = {
			isa = PBXGroup;
			children = (
				3C65F05329A75FB200996373 /* PhotosViewController.swift */,
				3C65F05529A7772800996373 /* PhotoCollectionViewCell.swift */,
			);
			path = Gallery;
			sourceTree = "<group>";
		};
		3C7D5BD129AF05D6002E6A23 /* Metrics */ = {
			isa = PBXGroup;
			children = (
				3C7D5BD229AF05FC002E6A23 /* Metric.swift */,
			);
			path = Metrics;
			sourceTree = "<group>";
		};
		3C8005BF29D869CC00FD743E /* StorageService */ = {
			isa = PBXGroup;
			children = (
				3CA75A2329A1421C00743167 /* PostModel.swift */,
				3C8005C029D869CC00FD743E /* StorageService.h */,
			);
			path = StorageService;
			sourceTree = "<group>";
		};
		3CA75A2929A14FF500743167 /* Login */ = {
			isa = PBXGroup;
			children = (
				3C193E65299EA80000B7E87C /* LogInViewController.swift */,
				3C193E67299EAC5B00B7E87C /* LoginView.swift */,
			);
			path = Login;
			sourceTree = "<group>";
		};
		3CB0D83429A240D000CC7DF7 /* Cell */ = {
			isa = PBXGroup;
			children = (
				3CA75A2729A14E6500743167 /* PostTableViewCell.swift */,
				3C65F05029A743E100996373 /* PhotosTableViewCell.swift */,
			);
			path = Cell;
			sourceTree = "<group>";
		};
		3CB0D83529A2410900CC7DF7 /* Header */ = {
			isa = PBXGroup;
			children = (
				3C0C454F299571770093AE40 /* ProfileHeaderView.swift */,
			);
			path = Header;
			sourceTree = "<group>";
		};
		3CB0D83629A2418600CC7DF7 /* Extensions */ = {
			isa = PBXGroup;
			children = (
				3CA75A2529A14B1700743167 /* UIView+Extension.swift */,
				3C445D2829A7A7060004FBCE /* UIViewController+Extansion.swift */,
				3C144BA529BF8E3D004DFFE6 /* UITextField+Extension.swift */,
				3CD0419C29C0E33000B62736 /* String+Extension.swift */,
				3C0ED58029E8726500CCC2BE /* CustomButton.swift */,
			);
			path = Extensions;
			sourceTree = "<group>";
		};
		3CD041A129C38C3F00B62736 /* PostDetails */ = {
			isa = PBXGroup;
			children = (
				3CD041A229C390CB00B62736 /* PostDetailsViewController.swift */,
				3CD0419F29C38C3400B62736 /* PostDetaisView.swift */,
			);
			path = PostDetails;
			sourceTree = "<group>";
		};
		3CD53A30298D770300B826F7 = {
			isa = PBXGroup;
			children = (
				3CD53A3B298D770300B826F7 /* Navigation */,
				3C8005BF29D869CC00FD743E /* StorageService */,
				3CD53A3A298D770300B826F7 /* Products */,
			);
			sourceTree = "<group>";
		};
		3CD53A3A298D770300B826F7 /* Products */ = {
			isa = PBXGroup;
			children = (
				3CD53A39298D770300B826F7 /* Navigation.app */,
				3C8005BE29D869CC00FD743E /* StorageService.framework */,
			);
			name = Products;
			sourceTree = "<group>";
		};
		3CD53A3B298D770300B826F7 /* Navigation */ = {
			isa = PBXGroup;
			children = (
				3CB0D83629A2418600CC7DF7 /* Extensions */,
				3CF010122998D95100D4924A /* Models */,
				3C7D5BD129AF05D6002E6A23 /* Metrics */,
				3C0C454C299570DA0093AE40 /* Profile */,
				3C65F05229A75F8C00996373 /* Gallery */,
				3CA75A2929A14FF500743167 /* Login */,
				3C0ED58829EDC1ED00CCC2BE /* Factory */,
				3C0ED58C29EDC56C00CCC2BE /* Coordinator */,
				3C0ED58929EDC39300CCC2BE /* Module */,
				3CD53A3C298D770300B826F7 /* AppDelegate.swift */,
				3CD53A40298D770300B826F7 /* FeedViewController.swift */,
				3C9B196A298E448E00555016 /* InfoViewController.swift */,
				3C338213298D82BE00140824 /* MainTabBarViewController.swift */,
				3C0ED58F29EF040500CCC2BE /* AppTabBarController.swift */,
				3C9B1968298D893500555016 /* PostViewController.swift */,
				3C144BA729BF9DB7004DFFE6 /* AppConstant.swift */,
				3CD53A45298D770500B826F7 /* Assets.xcassets */,
				3CD53A47298D770500B826F7 /* LaunchScreen.storyboard */,
				3CD53A4A298D770500B826F7 /* Info.plist */,
			);
			path = Navigation;
			sourceTree = "<group>";
		};
		3CF010122998D95100D4924A /* Models */ = {
			isa = PBXGroup;
			children = (
				3CF010132998D98900D4924A /* Post.swift */,
				3C445D2629A780E50004FBCE /* GalleryImages.swift */,
				3C5D96C729DCA3000001AF54 /* UserServiceData.swift */,
				3C0ED58229E9C3AC00CCC2BE /* FeedModel.swift */,
				3CD7092029E1D66C0009BCAF /* LoginFactory.swift */,
				3CD7091E29E1B14B0009BCAF /* Checker.swift */,
			);
			path = Models;
			sourceTree = "<group>";
		};
/* End PBXGroup section */

/* Begin PBXHeadersBuildPhase section */
		3C8005B929D869CC00FD743E /* Headers */ = {
			isa = PBXHeadersBuildPhase;
			buildActionMask = 2147483647;
			files = (
				3C8005C129D869CC00FD743E /* StorageService.h in Headers */,
			);
			runOnlyForDeploymentPostprocessing = 0;
		};
/* End PBXHeadersBuildPhase section */

/* Begin PBXNativeTarget section */
		3C8005BD29D869CC00FD743E /* StorageService */ = {
			isa = PBXNativeTarget;
			buildConfigurationList = 3C8005C929D869CC00FD743E /* Build configuration list for PBXNativeTarget "StorageService" */;
			buildPhases = (
				3C8005B929D869CC00FD743E /* Headers */,
				3C8005BA29D869CC00FD743E /* Sources */,
				3C8005BB29D869CC00FD743E /* Frameworks */,
				3C8005BC29D869CC00FD743E /* Resources */,
			);
			buildRules = (
			);
			dependencies = (
			);
			name = StorageService;
			productName = StorageService;
			productReference = 3C8005BE29D869CC00FD743E /* StorageService.framework */;
			productType = "com.apple.product-type.framework";
		};
		3CD53A38298D770300B826F7 /* Navigation */ = {
			isa = PBXNativeTarget;
			buildConfigurationList = 3CD53A4D298D770500B826F7 /* Build configuration list for PBXNativeTarget "Navigation" */;
			buildPhases = (
				3CD53A35298D770300B826F7 /* Sources */,
				3CD53A36298D770300B826F7 /* Frameworks */,
				3CD53A37298D770300B826F7 /* Resources */,
				3C8005C629D869CC00FD743E /* Embed Frameworks */,
			);
			buildRules = (
			);
			dependencies = (
				3C8005C329D869CC00FD743E /* PBXTargetDependency */,
			);
			name = Navigation;
			packageProductDependencies = (
				3C0ED57E29E472E100CCC2BE /* iOSIntPackage */,
			);
			productName = Navigation;
			productReference = 3CD53A39298D770300B826F7 /* Navigation.app */;
			productType = "com.apple.product-type.application";
		};
/* End PBXNativeTarget section */

/* Begin PBXProject section */
		3CD53A31298D770300B826F7 /* Project object */ = {
			isa = PBXProject;
			attributes = {
				BuildIndependentTargetsInParallel = 1;
				LastSwiftUpdateCheck = 1420;
				LastUpgradeCheck = 1430;
				TargetAttributes = {
					3C8005BD29D869CC00FD743E = {
						CreatedOnToolsVersion = 14.3;
					};
					3CD53A38298D770300B826F7 = {
						CreatedOnToolsVersion = 14.2;
					};
				};
			};
			buildConfigurationList = 3CD53A34298D770300B826F7 /* Build configuration list for PBXProject "Navigation" */;
			compatibilityVersion = "Xcode 14.0";
			developmentRegion = en;
			hasScannedForEncodings = 0;
			knownRegions = (
				en,
				Base,
			);
			mainGroup = 3CD53A30298D770300B826F7;
			packageReferences = (
				3C0ED57D29E472E100CCC2BE /* XCRemoteSwiftPackageReference "iOSIntPackage" */,
			);
			productRefGroup = 3CD53A3A298D770300B826F7 /* Products */;
			projectDirPath = "";
			projectRoot = "";
			targets = (
				3CD53A38298D770300B826F7 /* Navigation */,
				3C8005BD29D869CC00FD743E /* StorageService */,
			);
		};
/* End PBXProject section */

/* Begin PBXResourcesBuildPhase section */
		3C8005BC29D869CC00FD743E /* Resources */ = {
			isa = PBXResourcesBuildPhase;
			buildActionMask = 2147483647;
			files = (
			);
			runOnlyForDeploymentPostprocessing = 0;
		};
		3CD53A37298D770300B826F7 /* Resources */ = {
			isa = PBXResourcesBuildPhase;
			buildActionMask = 2147483647;
			files = (
				3CD53A49298D770500B826F7 /* LaunchScreen.storyboard in Resources */,
				3CD53A46298D770500B826F7 /* Assets.xcassets in Resources */,
			);
			runOnlyForDeploymentPostprocessing = 0;
		};
/* End PBXResourcesBuildPhase section */

/* Begin PBXSourcesBuildPhase section */
		3C8005BA29D869CC00FD743E /* Sources */ = {
			isa = PBXSourcesBuildPhase;
			buildActionMask = 2147483647;
			files = (
				3C8005CA29D869D700FD743E /* PostModel.swift in Sources */,
			);
			runOnlyForDeploymentPostprocessing = 0;
		};
		3CD53A35298D770300B826F7 /* Sources */ = {
			isa = PBXSourcesBuildPhase;
			buildActionMask = 2147483647;
			files = (
				3CD7092129E1D66C0009BCAF /* LoginFactory.swift in Sources */,
				3CA75A2629A14B1700743167 /* UIView+Extension.swift in Sources */,
				3C0ED58129E8726500CCC2BE /* CustomButton.swift in Sources */,
				3C338214298D82BE00140824 /* MainTabBarViewController.swift in Sources */,
				3CD53A41298D770300B826F7 /* FeedViewController.swift in Sources */,
				3CA75A2829A14E6500743167 /* PostTableViewCell.swift in Sources */,
				3C0ED59229EF063200CCC2BE /* FeedCoordinator.swift in Sources */,
				3C193E66299EA80000B7E87C /* LogInViewController.swift in Sources */,
				3C144BA629BF8E3D004DFFE6 /* UITextField+Extension.swift in Sources */,
				3CD53A3D298D770300B826F7 /* AppDelegate.swift in Sources */,
				3C65F05129A743E100996373 /* PhotosTableViewCell.swift in Sources */,
				3C7D5BD329AF05FC002E6A23 /* Metric.swift in Sources */,
				3C0ED58329E9C3AC00CCC2BE /* FeedModel.swift in Sources */,
				3C0ED59029EF040500CCC2BE /* AppTabBarController.swift in Sources */,
				3CD0419D29C0E33000B62736 /* String+Extension.swift in Sources */,
				3C144BA829BF9DB7004DFFE6 /* AppConstant.swift in Sources */,
				3C0ED58729EDC1D900CCC2BE /* AppFactory.swift in Sources */,
				3CD7091F29E1B14B0009BCAF /* Checker.swift in Sources */,
				3CF010142998D98A00D4924A /* Post.swift in Sources */,
				3C445D2729A780E50004FBCE /* GalleryImages.swift in Sources */,
				3C0C454E299571060093AE40 /* ProfileViewController.swift in Sources */,
				3CD041A029C38C3400B62736 /* PostDetaisView.swift in Sources */,
				3C0ED58E29EEFE8A00CCC2BE /* AppCoordinator.swift in Sources */,
				3C65F05629A7772800996373 /* PhotoCollectionViewCell.swift in Sources */,
				3C65F05429A75FB200996373 /* PhotosViewController.swift in Sources */,
				3C0C4550299571770093AE40 /* ProfileHeaderView.swift in Sources */,
				3C5D96C929DCA5CF0001AF54 /* UserServiceData.swift in Sources */,
				3C0ED58529EDBD7500CCC2BE /* Module.swift in Sources */,
				3C9B196B298E448E00555016 /* InfoViewController.swift in Sources */,
				3C193E68299EAC5B00B7E87C /* LoginView.swift in Sources */,
				3CD041A329C390CB00B62736 /* PostDetailsViewController.swift in Sources */,
				3C0ED58B29EDC56500CCC2BE /* Coordinators.swift in Sources */,
				3C445D2929A7A7060004FBCE /* UIViewController+Extansion.swift in Sources */,
				3C9B1969298D893500555016 /* PostViewController.swift in Sources */,
			);
			runOnlyForDeploymentPostprocessing = 0;
		};
/* End PBXSourcesBuildPhase section */

/* Begin PBXTargetDependency section */
		3C8005C329D869CC00FD743E /* PBXTargetDependency */ = {
			isa = PBXTargetDependency;
			target = 3C8005BD29D869CC00FD743E /* StorageService */;
			targetProxy = 3C8005C229D869CC00FD743E /* PBXContainerItemProxy */;
		};
/* End PBXTargetDependency section */

/* Begin PBXVariantGroup section */
		3CD53A47298D770500B826F7 /* LaunchScreen.storyboard */ = {
			isa = PBXVariantGroup;
			children = (
				3CD53A48298D770500B826F7 /* Base */,
			);
			name = LaunchScreen.storyboard;
			sourceTree = "<group>";
		};
/* End PBXVariantGroup section */

/* Begin XCBuildConfiguration section */
		3C8005C729D869CC00FD743E /* Debug */ = {
			isa = XCBuildConfiguration;
			buildSettings = {
				CODE_SIGN_IDENTITY = "";
				CODE_SIGN_STYLE = Automatic;
				CURRENT_PROJECT_VERSION = 1;
				DEFINES_MODULE = YES;
				DYLIB_COMPATIBILITY_VERSION = 1;
				DYLIB_CURRENT_VERSION = 1;
				DYLIB_INSTALL_NAME_BASE = "@rpath";
				ENABLE_MODULE_VERIFIER = YES;
				GENERATE_INFOPLIST_FILE = YES;
				INFOPLIST_KEY_NSHumanReadableCopyright = "";
				INSTALL_PATH = "$(LOCAL_LIBRARY_DIR)/Frameworks";
				IPHONEOS_DEPLOYMENT_TARGET = 16.2;
				LD_RUNPATH_SEARCH_PATHS = (
					"$(inherited)",
					"@executable_path/Frameworks",
					"@loader_path/Frameworks",
				);
				MARKETING_VERSION = 1.0;
				MODULE_VERIFIER_SUPPORTED_LANGUAGES = "objective-c objective-c++";
				MODULE_VERIFIER_SUPPORTED_LANGUAGE_STANDARDS = "gnu11 gnu++20";
				PRODUCT_BUNDLE_IDENTIFIER = "Netology-education.StorageService";
				PRODUCT_NAME = "$(TARGET_NAME:c99extidentifier)";
				SKIP_INSTALL = YES;
				SWIFT_EMIT_LOC_STRINGS = YES;
				SWIFT_VERSION = 5.0;
				TARGETED_DEVICE_FAMILY = "1,2";
				VERSIONING_SYSTEM = "apple-generic";
				VERSION_INFO_PREFIX = "";
			};
			name = Debug;
		};
		3C8005C829D869CC00FD743E /* Release */ = {
			isa = XCBuildConfiguration;
			buildSettings = {
				CODE_SIGN_IDENTITY = "";
				CODE_SIGN_STYLE = Automatic;
				CURRENT_PROJECT_VERSION = 1;
				DEFINES_MODULE = YES;
				DYLIB_COMPATIBILITY_VERSION = 1;
				DYLIB_CURRENT_VERSION = 1;
				DYLIB_INSTALL_NAME_BASE = "@rpath";
				ENABLE_MODULE_VERIFIER = YES;
				GENERATE_INFOPLIST_FILE = YES;
				INFOPLIST_KEY_NSHumanReadableCopyright = "";
				INSTALL_PATH = "$(LOCAL_LIBRARY_DIR)/Frameworks";
				IPHONEOS_DEPLOYMENT_TARGET = 16.2;
				LD_RUNPATH_SEARCH_PATHS = (
					"$(inherited)",
					"@executable_path/Frameworks",
					"@loader_path/Frameworks",
				);
				MARKETING_VERSION = 1.0;
				MODULE_VERIFIER_SUPPORTED_LANGUAGES = "objective-c objective-c++";
				MODULE_VERIFIER_SUPPORTED_LANGUAGE_STANDARDS = "gnu11 gnu++20";
				PRODUCT_BUNDLE_IDENTIFIER = "Netology-education.StorageService";
				PRODUCT_NAME = "$(TARGET_NAME:c99extidentifier)";
				SKIP_INSTALL = YES;
				SWIFT_EMIT_LOC_STRINGS = YES;
				SWIFT_VERSION = 5.0;
				TARGETED_DEVICE_FAMILY = "1,2";
				VERSIONING_SYSTEM = "apple-generic";
				VERSION_INFO_PREFIX = "";
			};
			name = Release;
		};
		3CD53A4B298D770500B826F7 /* Debug */ = {
			isa = XCBuildConfiguration;
			buildSettings = {
				ALWAYS_SEARCH_USER_PATHS = NO;
				CLANG_ANALYZER_NONNULL = YES;
				CLANG_ANALYZER_NUMBER_OBJECT_CONVERSION = YES_AGGRESSIVE;
				CLANG_CXX_LANGUAGE_STANDARD = "gnu++20";
				CLANG_ENABLE_MODULES = YES;
				CLANG_ENABLE_OBJC_ARC = YES;
				CLANG_ENABLE_OBJC_WEAK = YES;
				CLANG_WARN_BLOCK_CAPTURE_AUTORELEASING = YES;
				CLANG_WARN_BOOL_CONVERSION = YES;
				CLANG_WARN_COMMA = YES;
				CLANG_WARN_CONSTANT_CONVERSION = YES;
				CLANG_WARN_DEPRECATED_OBJC_IMPLEMENTATIONS = YES;
				CLANG_WARN_DIRECT_OBJC_ISA_USAGE = YES_ERROR;
				CLANG_WARN_DOCUMENTATION_COMMENTS = YES;
				CLANG_WARN_EMPTY_BODY = YES;
				CLANG_WARN_ENUM_CONVERSION = YES;
				CLANG_WARN_INFINITE_RECURSION = YES;
				CLANG_WARN_INT_CONVERSION = YES;
				CLANG_WARN_NON_LITERAL_NULL_CONVERSION = YES;
				CLANG_WARN_OBJC_IMPLICIT_RETAIN_SELF = YES;
				CLANG_WARN_OBJC_LITERAL_CONVERSION = YES;
				CLANG_WARN_OBJC_ROOT_CLASS = YES_ERROR;
				CLANG_WARN_QUOTED_INCLUDE_IN_FRAMEWORK_HEADER = YES;
				CLANG_WARN_RANGE_LOOP_ANALYSIS = YES;
				CLANG_WARN_STRICT_PROTOTYPES = YES;
				CLANG_WARN_SUSPICIOUS_MOVE = YES;
				CLANG_WARN_UNGUARDED_AVAILABILITY = YES_AGGRESSIVE;
				CLANG_WARN_UNREACHABLE_CODE = YES;
				CLANG_WARN__DUPLICATE_METHOD_MATCH = YES;
				COPY_PHASE_STRIP = NO;
				DEBUG_INFORMATION_FORMAT = dwarf;
				ENABLE_STRICT_OBJC_MSGSEND = YES;
				ENABLE_TESTABILITY = YES;
				GCC_C_LANGUAGE_STANDARD = gnu11;
				GCC_DYNAMIC_NO_PIC = NO;
				GCC_NO_COMMON_BLOCKS = YES;
				GCC_OPTIMIZATION_LEVEL = 0;
				GCC_PREPROCESSOR_DEFINITIONS = (
					"DEBUG=1",
					"$(inherited)",
				);
				GCC_WARN_64_TO_32_BIT_CONVERSION = YES;
				GCC_WARN_ABOUT_RETURN_TYPE = YES_ERROR;
				GCC_WARN_UNDECLARED_SELECTOR = YES;
				GCC_WARN_UNINITIALIZED_AUTOS = YES_AGGRESSIVE;
				GCC_WARN_UNUSED_FUNCTION = YES;
				GCC_WARN_UNUSED_VARIABLE = YES;
				IPHONEOS_DEPLOYMENT_TARGET = 16.2;
				MTL_ENABLE_DEBUG_INFO = INCLUDE_SOURCE;
				MTL_FAST_MATH = YES;
				ONLY_ACTIVE_ARCH = YES;
				SDKROOT = iphoneos;
				SWIFT_ACTIVE_COMPILATION_CONDITIONS = DEBUG;
				SWIFT_OPTIMIZATION_LEVEL = "-Onone";
			};
			name = Debug;
		};
		3CD53A4C298D770500B826F7 /* Release */ = {
			isa = XCBuildConfiguration;
			buildSettings = {
				ALWAYS_SEARCH_USER_PATHS = NO;
				CLANG_ANALYZER_NONNULL = YES;
				CLANG_ANALYZER_NUMBER_OBJECT_CONVERSION = YES_AGGRESSIVE;
				CLANG_CXX_LANGUAGE_STANDARD = "gnu++20";
				CLANG_ENABLE_MODULES = YES;
				CLANG_ENABLE_OBJC_ARC = YES;
				CLANG_ENABLE_OBJC_WEAK = YES;
				CLANG_WARN_BLOCK_CAPTURE_AUTORELEASING = YES;
				CLANG_WARN_BOOL_CONVERSION = YES;
				CLANG_WARN_COMMA = YES;
				CLANG_WARN_CONSTANT_CONVERSION = YES;
				CLANG_WARN_DEPRECATED_OBJC_IMPLEMENTATIONS = YES;
				CLANG_WARN_DIRECT_OBJC_ISA_USAGE = YES_ERROR;
				CLANG_WARN_DOCUMENTATION_COMMENTS = YES;
				CLANG_WARN_EMPTY_BODY = YES;
				CLANG_WARN_ENUM_CONVERSION = YES;
				CLANG_WARN_INFINITE_RECURSION = YES;
				CLANG_WARN_INT_CONVERSION = YES;
				CLANG_WARN_NON_LITERAL_NULL_CONVERSION = YES;
				CLANG_WARN_OBJC_IMPLICIT_RETAIN_SELF = YES;
				CLANG_WARN_OBJC_LITERAL_CONVERSION = YES;
				CLANG_WARN_OBJC_ROOT_CLASS = YES_ERROR;
				CLANG_WARN_QUOTED_INCLUDE_IN_FRAMEWORK_HEADER = YES;
				CLANG_WARN_RANGE_LOOP_ANALYSIS = YES;
				CLANG_WARN_STRICT_PROTOTYPES = YES;
				CLANG_WARN_SUSPICIOUS_MOVE = YES;
				CLANG_WARN_UNGUARDED_AVAILABILITY = YES_AGGRESSIVE;
				CLANG_WARN_UNREACHABLE_CODE = YES;
				CLANG_WARN__DUPLICATE_METHOD_MATCH = YES;
				COPY_PHASE_STRIP = NO;
				DEBUG_INFORMATION_FORMAT = "dwarf-with-dsym";
				ENABLE_NS_ASSERTIONS = NO;
				ENABLE_STRICT_OBJC_MSGSEND = YES;
				GCC_C_LANGUAGE_STANDARD = gnu11;
				GCC_NO_COMMON_BLOCKS = YES;
				GCC_WARN_64_TO_32_BIT_CONVERSION = YES;
				GCC_WARN_ABOUT_RETURN_TYPE = YES_ERROR;
				GCC_WARN_UNDECLARED_SELECTOR = YES;
				GCC_WARN_UNINITIALIZED_AUTOS = YES_AGGRESSIVE;
				GCC_WARN_UNUSED_FUNCTION = YES;
				GCC_WARN_UNUSED_VARIABLE = YES;
				IPHONEOS_DEPLOYMENT_TARGET = 16.2;
				MTL_ENABLE_DEBUG_INFO = NO;
				MTL_FAST_MATH = YES;
				SDKROOT = iphoneos;
				SWIFT_COMPILATION_MODE = wholemodule;
				SWIFT_OPTIMIZATION_LEVEL = "-O";
				VALIDATE_PRODUCT = YES;
			};
			name = Release;
		};
		3CD53A4E298D770500B826F7 /* Debug */ = {
			isa = XCBuildConfiguration;
			buildSettings = {
				ALWAYS_EMBED_SWIFT_STANDARD_LIBRARIES = YES;
				ASSETCATALOG_COMPILER_APPICON_NAME = AppIcon;
				ASSETCATALOG_COMPILER_GLOBAL_ACCENT_COLOR_NAME = AccentColor;
				CODE_SIGN_STYLE = Automatic;
				CURRENT_PROJECT_VERSION = 1;
				GENERATE_INFOPLIST_FILE = YES;
				INFOPLIST_FILE = Navigation/Info.plist;
				INFOPLIST_KEY_UIApplicationSupportsIndirectInputEvents = YES;
				INFOPLIST_KEY_UILaunchStoryboardName = LaunchScreen;
				INFOPLIST_KEY_UISupportedInterfaceOrientations_iPad = "UIInterfaceOrientationPortrait UIInterfaceOrientationPortraitUpsideDown UIInterfaceOrientationLandscapeLeft UIInterfaceOrientationLandscapeRight";
				INFOPLIST_KEY_UISupportedInterfaceOrientations_iPhone = "UIInterfaceOrientationPortrait UIInterfaceOrientationLandscapeLeft UIInterfaceOrientationLandscapeRight";
				LD_RUNPATH_SEARCH_PATHS = (
					"$(inherited)",
					"@executable_path/Frameworks",
				);
				MARKETING_VERSION = 1.0;
				PRODUCT_BUNDLE_IDENTIFIER = netology.Navigation;
				PRODUCT_NAME = "$(TARGET_NAME)";
				SWIFT_EMIT_LOC_STRINGS = YES;
				SWIFT_VERSION = 5.0;
				TARGETED_DEVICE_FAMILY = "1,2";
			};
			name = Debug;
		};
		3CD53A4F298D770500B826F7 /* Release */ = {
			isa = XCBuildConfiguration;
			buildSettings = {
				ALWAYS_EMBED_SWIFT_STANDARD_LIBRARIES = YES;
				ASSETCATALOG_COMPILER_APPICON_NAME = AppIcon;
				ASSETCATALOG_COMPILER_GLOBAL_ACCENT_COLOR_NAME = AccentColor;
				CODE_SIGN_STYLE = Automatic;
				CURRENT_PROJECT_VERSION = 1;
				GENERATE_INFOPLIST_FILE = YES;
				INFOPLIST_FILE = Navigation/Info.plist;
				INFOPLIST_KEY_UIApplicationSupportsIndirectInputEvents = YES;
				INFOPLIST_KEY_UILaunchStoryboardName = LaunchScreen;
				INFOPLIST_KEY_UISupportedInterfaceOrientations_iPad = "UIInterfaceOrientationPortrait UIInterfaceOrientationPortraitUpsideDown UIInterfaceOrientationLandscapeLeft UIInterfaceOrientationLandscapeRight";
				INFOPLIST_KEY_UISupportedInterfaceOrientations_iPhone = "UIInterfaceOrientationPortrait UIInterfaceOrientationLandscapeLeft UIInterfaceOrientationLandscapeRight";
				LD_RUNPATH_SEARCH_PATHS = (
					"$(inherited)",
					"@executable_path/Frameworks",
				);
				MARKETING_VERSION = 1.0;
				PRODUCT_BUNDLE_IDENTIFIER = netology.Navigation;
				PRODUCT_NAME = "$(TARGET_NAME)";
				SWIFT_EMIT_LOC_STRINGS = YES;
				SWIFT_VERSION = 5.0;
				TARGETED_DEVICE_FAMILY = "1,2";
			};
			name = Release;
		};
/* End XCBuildConfiguration section */

/* Begin XCConfigurationList section */
		3C8005C929D869CC00FD743E /* Build configuration list for PBXNativeTarget "StorageService" */ = {
			isa = XCConfigurationList;
			buildConfigurations = (
				3C8005C729D869CC00FD743E /* Debug */,
				3C8005C829D869CC00FD743E /* Release */,
			);
			defaultConfigurationIsVisible = 0;
			defaultConfigurationName = Release;
		};
		3CD53A34298D770300B826F7 /* Build configuration list for PBXProject "Navigation" */ = {
			isa = XCConfigurationList;
			buildConfigurations = (
				3CD53A4B298D770500B826F7 /* Debug */,
				3CD53A4C298D770500B826F7 /* Release */,
			);
			defaultConfigurationIsVisible = 0;
			defaultConfigurationName = Release;
		};
		3CD53A4D298D770500B826F7 /* Build configuration list for PBXNativeTarget "Navigation" */ = {
			isa = XCConfigurationList;
			buildConfigurations = (
				3CD53A4E298D770500B826F7 /* Debug */,
				3CD53A4F298D770500B826F7 /* Release */,
			);
			defaultConfigurationIsVisible = 0;
			defaultConfigurationName = Release;
		};
/* End XCConfigurationList section */

/* Begin XCRemoteSwiftPackageReference section */
		3C0ED57D29E472E100CCC2BE /* XCRemoteSwiftPackageReference "iOSIntPackage" */ = {
			isa = XCRemoteSwiftPackageReference;
			repositoryURL = "https://github.com/TrueMax/iOSIntPackage";
			requirement = {
				branch = imagepublisher;
				kind = branch;
			};
		};
/* End XCRemoteSwiftPackageReference section */

/* Begin XCSwiftPackageProductDependency section */
		3C0ED57E29E472E100CCC2BE /* iOSIntPackage */ = {
			isa = XCSwiftPackageProductDependency;
			package = 3C0ED57D29E472E100CCC2BE /* XCRemoteSwiftPackageReference "iOSIntPackage" */;
			productName = iOSIntPackage;
		};
/* End XCSwiftPackageProductDependency section */
	};
	rootObject = 3CD53A31298D770300B826F7 /* Project object */;
}
